
Microsoft Visual Studio Solution File, Format Version 12.00
# Visual Studio Version 16
VisualStudioVersion = 16.0.29102.190
MinimumVisualStudioVersion = 10.0.40219.1
Project("{E24C65DC-7377-472B-9ABA-BC803B73C61A}") = "CacheDataDemo", "CacheDataDemo\", "{0EB8B323-FA03-42DB-A9B8-DC9446DBFAB2}"
	ProjectSection(WebsiteProperties) = preProject
		TargetFrameworkMoniker = ".NETFramework,Version%3Dv4.7.2"
		Debug.AspNetCompiler.VirtualPath = "/localhost_52939"
		Debug.AspNetCompiler.PhysicalPath = "CacheDataDemo\"
		Debug.AspNetCompiler.TargetPath = "PrecompiledWeb\localhost_52939\"
		Debug.AspNetCompiler.Updateable = "true"
		Debug.AspNetCompiler.ForceOverwrite = "true"
		Debug.AspNetCompiler.FixedNames = "false"
		Debug.AspNetCompiler.Debug = "True"
		Release.AspNetCompiler.VirtualPath = "/localhost_52939"
		Release.AspNetCompiler.PhysicalPath = "CacheDataDemo\"
		Release.AspNetCompiler.TargetPath = "PrecompiledWeb\localhost_52939\"
		Release.AspNetCompiler.Updateable = "true"
		Release.AspNetCompiler.ForceOverwrite = "true"
		Release.AspNetCompiler.FixedNames = "false"
		Release.AspNetCompiler.Debug = "False"
		VWDPort = "52939"
		SlnRelativePath = "CacheDataDemo\"
		DefaultWebSiteLanguage = "Visual C#"
	EndProjectSection
EndProject
Global
	GlobalSection(SolutionConfigurationPlatforms) = preSolution
		Debug|Any CPU = Debug|Any CPU
	EndGlobalSection
	GlobalSection(ProjectConfigurationPlatforms) = postSolution
		{0EB8B323-FA03-42DB-A9B8-DC9446DBFAB2}.Debug|Any CPU.ActiveCfg = Debug|Any CPU
		{0EB8B323-FA03-42DB-A9B8-DC9446DBFAB2}.Debug|Any CPU.Build.0 = Debug|Any CPU
	EndGlobalSection
	GlobalSection(SolutionProperties) = preSolution
		HideSolutionNode = FALSE
	EndGlobalSection
	GlobalSection(ExtensibilityGlobals) = postSolution
		SolutionGuid = {795305C3-7FD2-413D-886C-BE6241CD54AF}
	EndGlobalSection
EndGlobal
